
Microsoft Visual Studio Solution File, Format Version 12.00
# Visual Studio Version 16
VisualStudioVersion = 16.0.30114.105
MinimumVisualStudioVersion = 10.0.40219.1
Project("{FAE04EC0-301F-11D3-BF4B-00C04F79EFBC}") = "SqliteFromScratch", "SqliteFromScratch.csproj", "{99DE8711-94A6-473E-9CB2-1F67BC3A0C25}"
EndProject
Global
	GlobalSection(SolutionConfigurationPlatforms) = preSolution
		Debug|Any CPU = Debug|Any CPU
		Release|Any CPU = Release|Any CPU
	EndGlobalSection
	GlobalSection(SolutionProperties) = preSolution
		HideSolutionNode = FALSE
	EndGlobalSection
	GlobalSection(ProjectConfigurationPlatforms) = postSolution
		{99DE8711-94A6-473E-9CB2-1F67BC3A0C25}.Debug|Any CPU.ActiveCfg = Debug|Any CPU
		{99DE8711-94A6-473E-9CB2-1F67BC3A0C25}.Debug|Any CPU.Build.0 = Debug|Any CPU
		{99DE8711-94A6-473E-9CB2-1F67BC3A0C25}.Release|Any CPU.ActiveCfg = Release|Any CPU
		{99DE8711-94A6-473E-9CB2-1F67BC3A0C25}.Release|Any CPU.Build.0 = Release|Any CPU
	EndGlobalSection
EndGlobal
